
Microsoft Visual Studio Solution File, Format Version 12.00
# Visual Studio Version 16
VisualStudioVersion = 25.0.1703.0
MinimumVisualStudioVersion = 10.0.40219.1
Project("{FAE04EC0-301F-11D3-BF4B-00C04F79EFBC}") = "CSharp-Clase03", "CSharp-Clase03\CSharp-Clase03.csproj", "{06C0FB49-3335-428A-9A47-60AEDF2BEEB3}"
EndProject
Global
	GlobalSection(SolutionConfigurationPlatforms) = preSolution
		Debug|Any CPU = Debug|Any CPU
		Release|Any CPU = Release|Any CPU
	EndGlobalSection
	GlobalSection(ProjectConfigurationPlatforms) = postSolution
		{06C0FB49-3335-428A-9A47-60AEDF2BEEB3}.Debug|Any CPU.ActiveCfg = Debug|Any CPU
		{06C0FB49-3335-428A-9A47-60AEDF2BEEB3}.Debug|Any CPU.Build.0 = Debug|Any CPU
		{06C0FB49-3335-428A-9A47-60AEDF2BEEB3}.Release|Any CPU.ActiveCfg = Release|Any CPU
		{06C0FB49-3335-428A-9A47-60AEDF2BEEB3}.Release|Any CPU.Build.0 = Release|Any CPU
	EndGlobalSection
	GlobalSection(SolutionProperties) = preSolution
		HideSolutionNode = FALSE
	EndGlobalSection
	GlobalSection(ExtensibilityGlobals) = postSolution
		SolutionGuid = {F53495FA-BDF7-441B-A5F9-8C6336743627}
	EndGlobalSection
EndGlobal
